
Microsoft Visual Studio Solution File, Format Version 12.00
# Visual Studio 15
VisualStudioVersion = 15.0.28010.2016
MinimumVisualStudioVersion = 10.0.40219.1
Project("{FAE04EC0-301F-11D3-BF4B-00C04F79EFBC}") = "Four_operations", "Four_operations\Four_operations.csproj", "{C61E3238-C569-4361-AFE9-FCB798591BE1}"
EndProject
Project("{FAE04EC0-301F-11D3-BF4B-00C04F79EFBC}") = "CalculatorUnitTest", "CalculatorUnitTest\CalculatorUnitTest.csproj", "{A74FD799-84E3-4091-8186-761EC937F9A2}"
EndProject
Global
	GlobalSection(SolutionConfigurationPlatforms) = preSolution
		Debug|Any CPU = Debug|Any CPU
		Release|Any CPU = Release|Any CPU
	EndGlobalSection
	GlobalSection(ProjectConfigurationPlatforms) = postSolution
		{C61E3238-C569-4361-AFE9-FCB798591BE1}.Debug|Any CPU.ActiveCfg = Debug|Any CPU
		{C61E3238-C569-4361-AFE9-FCB798591BE1}.Debug|Any CPU.Build.0 = Debug|Any CPU
		{C61E3238-C569-4361-AFE9-FCB798591BE1}.Release|Any CPU.ActiveCfg = Release|Any CPU
		{C61E3238-C569-4361-AFE9-FCB798591BE1}.Release|Any CPU.Build.0 = Release|Any CPU
		{A74FD799-84E3-4091-8186-761EC937F9A2}.Debug|Any CPU.ActiveCfg = Debug|Any CPU
		{A74FD799-84E3-4091-8186-761EC937F9A2}.Debug|Any CPU.Build.0 = Debug|Any CPU
		{A74FD799-84E3-4091-8186-761EC937F9A2}.Release|Any CPU.ActiveCfg = Release|Any CPU
		{A74FD799-84E3-4091-8186-761EC937F9A2}.Release|Any CPU.Build.0 = Release|Any CPU
	EndGlobalSection
	GlobalSection(SolutionProperties) = preSolution
		HideSolutionNode = FALSE
	EndGlobalSection
	GlobalSection(ExtensibilityGlobals) = postSolution
		SolutionGuid = {498C6B37-3AF2-4134-A971-7B0AD9EF708B}
	EndGlobalSection
EndGlobal
